# This file is automatically @generated by Cargo.
# It is not intended for manual editing.
version = 3

[[package]]
name = "beryl"
version = "0.1.0"
dependencies = [
 "bpaf",
 "ovmf-prebuilt",
]

[[package]]
name = "bpaf"
version = "0.9.5"
source = "registry+https://github.com/rust-lang/crates.io-index"
checksum = "1dc3b1bd654a8d16eea03586c3eee8ffd25c7f242b9eae9730cc442834fe56d9"

[[package]]
name = "hello-world"
version = "0.1.0"

[[package]]
name = "kernel"
version = "0.1.0"
dependencies = [
 "ksupport",
 "limine",
 "log",
]

[[package]]
name = "ksupport"
version = "0.1.0"

[[package]]
name = "limine"
version = "0.1.11"
source = "registry+https://github.com/rust-lang/crates.io-index"
checksum = "f45c67c512034e8eb0064556e1db5da671b3ef50791cd6ac6376e7aefc0ef27e"

[[package]]
name = "log"
version = "0.4.20"
source = "registry+https://github.com/rust-lang/crates.io-index"
checksum = "b5e6163cb8c49088c2c36f57875e58ccd8c87c7427f7fbd50ea6710b2f3f2e8f"

[[package]]
name = "ovmf-prebuilt"
version = "0.1.0-alpha.1"
source = "registry+https://github.com/rust-lang/crates.io-index"
checksum = "fa50141d081512ab30fd9e7e7692476866df5098b028536ad6680212e717fa8d"

[[package]]
name = "stdc"
version = "0.1.0"
